
Microsoft Visual Studio Solution File, Format Version 12.00
# Visual Studio Version 16
VisualStudioVersion = 16.0.29519.87
MinimumVisualStudioVersion = 10.0.40219.1
Project("{9A19103F-16F7-4668-BE54-9A1E7A4F7556}") = "Codyssey.Extensions", "Codyssey.Extensions\Codyssey.Extensions.csproj", "{4B4704DD-68D1-4DDB-A3F9-40E426B9D87D}"
EndProject
Project("{9A19103F-16F7-4668-BE54-9A1E7A4F7556}") = "Codyssey.Extensions.Tests", "Codyssey.Extensions.Tests\Codyssey.Extensions.Tests.csproj", "{11040721-7129-4A08-8450-4EC7987E72C6}"
EndProject
Project("{9A19103F-16F7-4668-BE54-9A1E7A4F7556}") = "Codyssey.Utils", "Codyssey.Utils\Codyssey.Utils.csproj", "{4C5D17DA-4764-4F08-9F3C-7A28311F8DD0}"
EndProject
Project("{9A19103F-16F7-4668-BE54-9A1E7A4F7556}") = "Codyssey.Utils.Tests", "Codyssey.Utils.Tests\Codyssey.Utils.Tests.csproj", "{1B8B1C76-E2A2-4B32-A1BE-698BE4D1E7FD}"
EndProject
Project("{2150E333-8FDC-42A3-9474-1A3956D46DE8}") = "Codyssey.Utils", "Codyssey.Utils", "{CFA68FA6-6D5B-46F2-977D-7997636520BB}"
EndProject
Project("{2150E333-8FDC-42A3-9474-1A3956D46DE8}") = "Solution Items", "Solution Items", "{97050AC3-F2B8-47BE-9E83-78888B6D425A}"
	ProjectSection(SolutionItems) = preProject
		.editorconfig = .editorconfig
	EndProjectSection
EndProject
Project("{2150E333-8FDC-42A3-9474-1A3956D46DE8}") = "Codyssey.Extensions", "Codyssey.Extensions", "{C4AED4CE-240D-4A71-A17B-FA75DD92C9A6}"
EndProject
Project("{2150E333-8FDC-42A3-9474-1A3956D46DE8}") = "Codyssey.Identity", "Codyssey.Identity", "{3D4EBCB3-091A-4E30-9B98-A3A5C697296B}"
EndProject
Project("{9A19103F-16F7-4668-BE54-9A1E7A4F7556}") = "Codyssey.Identity", "Codyssey.Identity\Codyssey.Identity.csproj", "{1070EE36-0056-42CB-816F-3F0D18D030A0}"
EndProject
Project("{9A19103F-16F7-4668-BE54-9A1E7A4F7556}") = "Codyssey.Identity.Tests", "Codyssey.Identity.Tests\Codyssey.Identity.Tests.csproj", "{13381A65-5A2D-4B7C-AB5A-87BD5822E4DD}"
EndProject
Project("{2150E333-8FDC-42A3-9474-1A3956D46DE8}") = "Codyssey.Data.Tree", "Codyssey.Data.Tree", "{32C22001-7C10-4127-A26F-0791D58D22CD}"
EndProject
Project("{FAE04EC0-301F-11D3-BF4B-00C04F79EFBC}") = "Codyssey.Data.Tree", "Codyssey.Data.Tree\Codyssey.Data.Tree.csproj", "{CC67CE47-CE56-4FB8-AF75-5B3FE7509BC9}"
EndProject
Project("{FAE04EC0-301F-11D3-BF4B-00C04F79EFBC}") = "Codyssey.Data.Tree.Tests", "Codyssey.Data.Tree.Tests\Codyssey.Data.Tree.Tests.csproj", "{AB8AD199-10F1-4960-BE01-9E46CD6FA695}"
EndProject
Global
	GlobalSection(SolutionConfigurationPlatforms) = preSolution
		Debug|Any CPU = Debug|Any CPU
		Release|Any CPU = Release|Any CPU
	EndGlobalSection
	GlobalSection(ProjectConfigurationPlatforms) = postSolution
		{4B4704DD-68D1-4DDB-A3F9-40E426B9D87D}.Debug|Any CPU.ActiveCfg = Debug|Any CPU
		{4B4704DD-68D1-4DDB-A3F9-40E426B9D87D}.Debug|Any CPU.Build.0 = Debug|Any CPU
		{4B4704DD-68D1-4DDB-A3F9-40E426B9D87D}.Release|Any CPU.ActiveCfg = Release|Any CPU
		{4B4704DD-68D1-4DDB-A3F9-40E426B9D87D}.Release|Any CPU.Build.0 = Release|Any CPU
		{11040721-7129-4A08-8450-4EC7987E72C6}.Debug|Any CPU.ActiveCfg = Debug|Any CPU
		{11040721-7129-4A08-8450-4EC7987E72C6}.Debug|Any CPU.Build.0 = Debug|Any CPU
		{11040721-7129-4A08-8450-4EC7987E72C6}.Release|Any CPU.ActiveCfg = Release|Any CPU
		{11040721-7129-4A08-8450-4EC7987E72C6}.Release|Any CPU.Build.0 = Release|Any CPU
		{4C5D17DA-4764-4F08-9F3C-7A28311F8DD0}.Debug|Any CPU.ActiveCfg = Debug|Any CPU
		{4C5D17DA-4764-4F08-9F3C-7A28311F8DD0}.Debug|Any CPU.Build.0 = Debug|Any CPU
		{4C5D17DA-4764-4F08-9F3C-7A28311F8DD0}.Release|Any CPU.ActiveCfg = Release|Any CPU
		{4C5D17DA-4764-4F08-9F3C-7A28311F8DD0}.Release|Any CPU.Build.0 = Release|Any CPU
		{1B8B1C76-E2A2-4B32-A1BE-698BE4D1E7FD}.Debug|Any CPU.ActiveCfg = Debug|Any CPU
		{1B8B1C76-E2A2-4B32-A1BE-698BE4D1E7FD}.Debug|Any CPU.Build.0 = Debug|Any CPU
		{1B8B1C76-E2A2-4B32-A1BE-698BE4D1E7FD}.Release|Any CPU.ActiveCfg = Release|Any CPU
		{1B8B1C76-E2A2-4B32-A1BE-698BE4D1E7FD}.Release|Any CPU.Build.0 = Release|Any CPU
		{1070EE36-0056-42CB-816F-3F0D18D030A0}.Debug|Any CPU.ActiveCfg = Debug|Any CPU
		{1070EE36-0056-42CB-816F-3F0D18D030A0}.Debug|Any CPU.Build.0 = Debug|Any CPU
		{1070EE36-0056-42CB-816F-3F0D18D030A0}.Release|Any CPU.ActiveCfg = Release|Any CPU
		{1070EE36-0056-42CB-816F-3F0D18D030A0}.Release|Any CPU.Build.0 = Release|Any CPU
		{13381A65-5A2D-4B7C-AB5A-87BD5822E4DD}.Debug|Any CPU.ActiveCfg = Debug|Any CPU
		{13381A65-5A2D-4B7C-AB5A-87BD5822E4DD}.Debug|Any CPU.Build.0 = Debug|Any CPU
		{13381A65-5A2D-4B7C-AB5A-87BD5822E4DD}.Release|Any CPU.ActiveCfg = Release|Any CPU
		{13381A65-5A2D-4B7C-AB5A-87BD5822E4DD}.Release|Any CPU.Build.0 = Release|Any CPU
		{CC67CE47-CE56-4FB8-AF75-5B3FE7509BC9}.Debug|Any CPU.ActiveCfg = Debug|Any CPU
		{CC67CE47-CE56-4FB8-AF75-5B3FE7509BC9}.Debug|Any CPU.Build.0 = Debug|Any CPU
		{CC67CE47-CE56-4FB8-AF75-5B3FE7509BC9}.Release|Any CPU.ActiveCfg = Release|Any CPU
		{CC67CE47-CE56-4FB8-AF75-5B3FE7509BC9}.Release|Any CPU.Build.0 = Release|Any CPU
		{AB8AD199-10F1-4960-BE01-9E46CD6FA695}.Debug|Any CPU.ActiveCfg = Debug|Any CPU
		{AB8AD199-10F1-4960-BE01-9E46CD6FA695}.Debug|Any CPU.Build.0 = Debug|Any CPU
		{AB8AD199-10F1-4960-BE01-9E46CD6FA695}.Release|Any CPU.ActiveCfg = Release|Any CPU
		{AB8AD199-10F1-4960-BE01-9E46CD6FA695}.Release|Any CPU.Build.0 = Release|Any CPU
	EndGlobalSection
	GlobalSection(SolutionProperties) = preSolution
		HideSolutionNode = FALSE
	EndGlobalSection
	GlobalSection(NestedProjects) = preSolution
		{4B4704DD-68D1-4DDB-A3F9-40E426B9D87D} = {C4AED4CE-240D-4A71-A17B-FA75DD92C9A6}
		{11040721-7129-4A08-8450-4EC7987E72C6} = {C4AED4CE-240D-4A71-A17B-FA75DD92C9A6}
		{4C5D17DA-4764-4F08-9F3C-7A28311F8DD0} = {CFA68FA6-6D5B-46F2-977D-7997636520BB}
		{1B8B1C76-E2A2-4B32-A1BE-698BE4D1E7FD} = {CFA68FA6-6D5B-46F2-977D-7997636520BB}
		{1070EE36-0056-42CB-816F-3F0D18D030A0} = {3D4EBCB3-091A-4E30-9B98-A3A5C697296B}
		{13381A65-5A2D-4B7C-AB5A-87BD5822E4DD} = {3D4EBCB3-091A-4E30-9B98-A3A5C697296B}
		{CC67CE47-CE56-4FB8-AF75-5B3FE7509BC9} = {32C22001-7C10-4127-A26F-0791D58D22CD}
		{AB8AD199-10F1-4960-BE01-9E46CD6FA695} = {32C22001-7C10-4127-A26F-0791D58D22CD}
	EndGlobalSection
	GlobalSection(ExtensibilityGlobals) = postSolution
		SolutionGuid = {947262A7-4523-4CBD-B496-4317F0DB91A3}
	EndGlobalSection
EndGlobal
